
Microsoft Visual Studio Solution File, Format Version 12.00
# Visual Studio Version 16
VisualStudioVersion = 16.0.30717.126
MinimumVisualStudioVersion = 10.0.40219.1
Project("{FAE04EC0-301F-11D3-BF4B-00C04F79EFBC}") = "Graph", "Graph.csproj", "{CF629127-8F31-49B5-8707-6C5182A32C73}"
EndProject
Global
	GlobalSection(SolutionConfigurationPlatforms) = preSolution
		Debug|Any CPU = Debug|Any CPU
		Release|Any CPU = Release|Any CPU
	EndGlobalSection
	GlobalSection(ProjectConfigurationPlatforms) = postSolution
		{CF629127-8F31-49B5-8707-6C5182A32C73}.Debug|Any CPU.ActiveCfg = Debug|Any CPU
		{CF629127-8F31-49B5-8707-6C5182A32C73}.Debug|Any CPU.Build.0 = Debug|Any CPU
		{CF629127-8F31-49B5-8707-6C5182A32C73}.Release|Any CPU.ActiveCfg = Release|Any CPU
		{CF629127-8F31-49B5-8707-6C5182A32C73}.Release|Any CPU.Build.0 = Release|Any CPU
	EndGlobalSection
	GlobalSection(SolutionProperties) = preSolution
		HideSolutionNode = FALSE
	EndGlobalSection
	GlobalSection(ExtensibilityGlobals) = postSolution
		SolutionGuid = {8ED227AB-0AC3-4B9F-89AF-C8DAC7C04611}
	EndGlobalSection
EndGlobal
